
Microsoft Visual Studio Solution File, Format Version 12.00
# Visual Studio 2015
Project("{FAE04EC0-301F-11D3-BF4B-00C04F79EFBC}") = "LetArrowsFly_Project-CarlTest", "LetArrowsFly_Project-CarlTest.csproj", "{1A9ADA60-B5C8-4319-45D6-C21B60A3E727}"
EndProject
Global
	GlobalSection(SolutionConfigurationPlatforms) = preSolution
		Debug|Any CPU = Debug|Any CPU
		Release|Any CPU = Release|Any CPU
	EndGlobalSection
	GlobalSection(ProjectConfigurationPlatforms) = postSolution
		{1A9ADA60-B5C8-4319-45D6-C21B60A3E727}.Debug|Any CPU.ActiveCfg = Debug|Any CPU
		{1A9ADA60-B5C8-4319-45D6-C21B60A3E727}.Debug|Any CPU.Build.0 = Debug|Any CPU
		{1A9ADA60-B5C8-4319-45D6-C21B60A3E727}.Release|Any CPU.ActiveCfg = Release|Any CPU
		{1A9ADA60-B5C8-4319-45D6-C21B60A3E727}.Release|Any CPU.Build.0 = Release|Any CPU
	EndGlobalSection
	GlobalSection(SolutionProperties) = preSolution
		HideSolutionNode = FALSE
	EndGlobalSection
EndGlobal
