
Microsoft Visual Studio Solution File, Format Version 12.00
# Visual Studio 2015
Project("{FAE04EC0-301F-11D3-BF4B-00C04F79EFBC}") = "LetArrowsFly_Project", "LetArrowsFly_Project.csproj", "{2CFC7F02-B521-4651-3DCF-72E7EFF02ABE}"
EndProject
Global
	GlobalSection(SolutionConfigurationPlatforms) = preSolution
		Debug|Any CPU = Debug|Any CPU
		Release|Any CPU = Release|Any CPU
	EndGlobalSection
	GlobalSection(ProjectConfigurationPlatforms) = postSolution
		{2CFC7F02-B521-4651-3DCF-72E7EFF02ABE}.Debug|Any CPU.ActiveCfg = Debug|Any CPU
		{2CFC7F02-B521-4651-3DCF-72E7EFF02ABE}.Debug|Any CPU.Build.0 = Debug|Any CPU
		{2CFC7F02-B521-4651-3DCF-72E7EFF02ABE}.Release|Any CPU.ActiveCfg = Release|Any CPU
		{2CFC7F02-B521-4651-3DCF-72E7EFF02ABE}.Release|Any CPU.Build.0 = Release|Any CPU
	EndGlobalSection
	GlobalSection(SolutionProperties) = preSolution
		HideSolutionNode = FALSE
	EndGlobalSection
EndGlobal
